
Microsoft Visual Studio Solution File, Format Version 12.00
# Visual Studio 2012
Project("{FAE04EC0-301F-11D3-BF4B-00C04F79EFBC}") = "Final_Project", "Chani_Project\Final_Project.csproj", "{FC42FB59-153D-4F11-AFCC-1BD3B76BBB87}"
EndProject
Global
	GlobalSection(SolutionConfigurationPlatforms) = preSolution
		Debug|Any CPU = Debug|Any CPU
		Release|Any CPU = Release|Any CPU
	EndGlobalSection
	GlobalSection(ProjectConfigurationPlatforms) = postSolution
		{FC42FB59-153D-4F11-AFCC-1BD3B76BBB87}.Debug|Any CPU.ActiveCfg = Debug|Any CPU
		{FC42FB59-153D-4F11-AFCC-1BD3B76BBB87}.Debug|Any CPU.Build.0 = Debug|Any CPU
		{FC42FB59-153D-4F11-AFCC-1BD3B76BBB87}.Release|Any CPU.ActiveCfg = Release|Any CPU
		{FC42FB59-153D-4F11-AFCC-1BD3B76BBB87}.Release|Any CPU.Build.0 = Release|Any CPU
	EndGlobalSection
	GlobalSection(SolutionProperties) = preSolution
		HideSolutionNode = FALSE
	EndGlobalSection
EndGlobal
